{
  "requires": true,
  "lockfileVersion": 1,
  "dependencies": {
    "popular-english-words": {
      "version": "1.0.2",
      "resolved": "https://registry.npmjs.org/popular-english-words/-/popular-english-words-1.0.2.tgz",
      "integrity": "sha512-vQiCBURYdNZP8yIvNQ76fOP5PKUs3tbv1LbQz5hbOVtK6deE8WBkJSYhn1asOqXIiT/iwrQvrwEfNsVrFuk7mw=="
    },
    "wordlist-english": {
      "version": "1.2.1",
      "resolved": "https://registry.npmjs.org/wordlist-english/-/wordlist-english-1.2.1.tgz",
      "integrity": "sha512-vaiQQiu95UeON0WZFtiTrWfZmIiUd2rhrhMCBeEzwq3oTVzHCX8naGCqv/smSspE9kH2sN+E8lZyV0JZjqSzGw=="
    }
  }
}
